
Microsoft Visual Studio Solution File, Format Version 12.00
# Visual Studio Version 17
VisualStudioVersion = 17.14.36705.20
MinimumVisualStudioVersion = 10.0.40219.1
Project("{FAE04EC0-301F-11D3-BF4B-00C04F79EFBC}") = "API", "API\API.csproj", "{CA5D4CA4-2CBE-4CEB-B1D8-432A3AD16D61}"
EndProject
Project("{FAE04EC0-301F-11D3-BF4B-00C04F79EFBC}") = "DataAccessLayer", "DataAccessLayer\DataAccessLayer.csproj", "{80A21D0F-2FD4-4B03-9993-F49241D36303}"
EndProject
Project("{FAE04EC0-301F-11D3-BF4B-00C04F79EFBC}") = "BusinessObjectLayer", "BusinessObjectLayer\BusinessObjectLayer.csproj", "{EE827FC7-FC76-4632-B90A-0771663F2ACB}"
EndProject
Global
	GlobalSection(SolutionConfigurationPlatforms) = preSolution
		Debug|Any CPU = Debug|Any CPU
		Release|Any CPU = Release|Any CPU
	EndGlobalSection
	GlobalSection(ProjectConfigurationPlatforms) = postSolution
		{CA5D4CA4-2CBE-4CEB-B1D8-432A3AD16D61}.Debug|Any CPU.ActiveCfg = Debug|Any CPU
		{CA5D4CA4-2CBE-4CEB-B1D8-432A3AD16D61}.Debug|Any CPU.Build.0 = Debug|Any CPU
		{CA5D4CA4-2CBE-4CEB-B1D8-432A3AD16D61}.Release|Any CPU.ActiveCfg = Release|Any CPU
		{CA5D4CA4-2CBE-4CEB-B1D8-432A3AD16D61}.Release|Any CPU.Build.0 = Release|Any CPU
		{80A21D0F-2FD4-4B03-9993-F49241D36303}.Debug|Any CPU.ActiveCfg = Debug|Any CPU
		{80A21D0F-2FD4-4B03-9993-F49241D36303}.Debug|Any CPU.Build.0 = Debug|Any CPU
		{80A21D0F-2FD4-4B03-9993-F49241D36303}.Release|Any CPU.ActiveCfg = Release|Any CPU
		{80A21D0F-2FD4-4B03-9993-F49241D36303}.Release|Any CPU.Build.0 = Release|Any CPU
		{EE827FC7-FC76-4632-B90A-0771663F2ACB}.Debug|Any CPU.ActiveCfg = Debug|Any CPU
		{EE827FC7-FC76-4632-B90A-0771663F2ACB}.Debug|Any CPU.Build.0 = Debug|Any CPU
		{EE827FC7-FC76-4632-B90A-0771663F2ACB}.Release|Any CPU.ActiveCfg = Release|Any CPU
		{EE827FC7-FC76-4632-B90A-0771663F2ACB}.Release|Any CPU.Build.0 = Release|Any CPU
	EndGlobalSection
	GlobalSection(SolutionProperties) = preSolution
		HideSolutionNode = FALSE
	EndGlobalSection
	GlobalSection(ExtensibilityGlobals) = postSolution
		SolutionGuid = {135E9551-5E64-492A-8B49-C69817CA6B27}
	EndGlobalSection
EndGlobal
